
Microsoft Visual Studio Solution File, Format Version 12.00
# Visual Studio Version 16
VisualStudioVersion = 16.0.810.21
MinimumVisualStudioVersion = 10.0.40219.1
Project("{FAE04EC0-301F-11D3-BF4B-00C04F79EFBC}") = "DemoMVC_Omar", "DemoMVC_Omar.csproj", "{73A3857B-10C2-4D17-BD1B-B290435681AB}"
EndProject
Global
	GlobalSection(SolutionConfigurationPlatforms) = preSolution
		Debug|Any CPU = Debug|Any CPU
		Release|Any CPU = Release|Any CPU
	EndGlobalSection
	GlobalSection(ProjectConfigurationPlatforms) = postSolution
		{73A3857B-10C2-4D17-BD1B-B290435681AB}.Debug|Any CPU.ActiveCfg = Debug|Any CPU
		{73A3857B-10C2-4D17-BD1B-B290435681AB}.Debug|Any CPU.Build.0 = Debug|Any CPU
		{73A3857B-10C2-4D17-BD1B-B290435681AB}.Release|Any CPU.ActiveCfg = Release|Any CPU
		{73A3857B-10C2-4D17-BD1B-B290435681AB}.Release|Any CPU.Build.0 = Release|Any CPU
	EndGlobalSection
	GlobalSection(SolutionProperties) = preSolution
		HideSolutionNode = FALSE
	EndGlobalSection
	GlobalSection(ExtensibilityGlobals) = postSolution
		SolutionGuid = {14B2D35E-0A8A-4DE5-A329-14216F062C85}
	EndGlobalSection
EndGlobal
